
Microsoft Visual Studio Solution File, Format Version 11.00
# Visual Studio 2010
Project("{FAE04EC0-301F-11D3-BF4B-00C04F79EFBC}") = "Assembly-CSharp", "Assembly-CSharp.csproj", "{48E0ACA5-EFDF-F87E-51B1-21A328C0F5BE}"
EndProject
Global
	GlobalSection(SolutionConfigurationPlatforms) = preSolution
		Debug|Any CPU = Debug|Any CPU
		Release|Any CPU = Release|Any CPU
	EndGlobalSection
	GlobalSection(ProjectConfigurationPlatforms) = postSolution
		{48E0ACA5-EFDF-F87E-51B1-21A328C0F5BE}.Debug|Any CPU.ActiveCfg = Debug|Any CPU
		{48E0ACA5-EFDF-F87E-51B1-21A328C0F5BE}.Debug|Any CPU.Build.0 = Debug|Any CPU
		{48E0ACA5-EFDF-F87E-51B1-21A328C0F5BE}.Release|Any CPU.ActiveCfg = Release|Any CPU
		{48E0ACA5-EFDF-F87E-51B1-21A328C0F5BE}.Release|Any CPU.Build.0 = Release|Any CPU
	EndGlobalSection
	GlobalSection(SolutionProperties) = preSolution
		HideSolutionNode = FALSE
	EndGlobalSection
EndGlobal
